// !$*UTF8*$!
{
	archiveVersion = 1;
	classes = {
	};
	objectVersion = 50;
	objects = {

/* Begin PBXBuildFile section */
		B1A9735E253EC83200A20F93 /* AppDelegate.swift in Sources */ = {isa = PBXBuildFile; fileRef = B1A9735D253EC83200A20F93 /* AppDelegate.swift */; };
		B1A97360253EC83200A20F93 /* SceneDelegate.swift in Sources */ = {isa = PBXBuildFile; fileRef = B1A9735F253EC83200A20F93 /* SceneDelegate.swift */; };
		B1A97362253EC83200A20F93 /* ViewController.swift in Sources */ = {isa = PBXBuildFile; fileRef = B1A97361253EC83200A20F93 /* ViewController.swift */; };
		B1A97365253EC83200A20F93 /* Main.storyboard in Resources */ = {isa = PBXBuildFile; fileRef = B1A97363253EC83200A20F93 /* Main.storyboard */; };
		B1A97367253EC83600A20F93 /* Assets.xcassets in Resources */ = {isa = PBXBuildFile; fileRef = B1A97366253EC83600A20F93 /* Assets.xcassets */; };
		B1A9736A253EC83600A20F93 /* LaunchScreen.storyboard in Resources */ = {isa = PBXBuildFile; fileRef = B1A97368253EC83600A20F93 /* LaunchScreen.storyboard */; };
		B1A97373253ECB2F00A20F93 /* Model.swift in Sources */ = {isa = PBXBuildFile; fileRef = B1A97372253ECB2F00A20F93 /* Model.swift */; };
		B1DF4A23254930A70040DB22 /* ExpandableListViewController.swift in Sources */ = {isa = PBXBuildFile; fileRef = B1DF4A22254930A70040DB22 /* ExpandableListViewController.swift */; };
/* End PBXBuildFile section */

/* Begin PBXFileReference section */
		B1A9735A253EC83200A20F93 /* CollectionViewList.app */ = {isa = PBXFileReference; explicitFileType = wrapper.application; includeInIndex = 0; path = CollectionViewList.app; sourceTree = BUILT_PRODUCTS_DIR; };
		B1A9735D253EC83200A20F93 /* AppDelegate.swift */ = {isa = PBXFileReference; lastKnownFileType = sourcecode.swift; path = AppDelegate.swift; sourceTree = "<group>"; };
		B1A9735F253EC83200A20F93 /* SceneDelegate.swift */ = {isa = PBXFileReference; lastKnownFileType = sourcecode.swift; path = SceneDelegate.swift; sourceTree = "<group>"; };
		B1A97361253EC83200A20F93 /* ViewController.swift */ = {isa = PBXFileReference; lastKnownFileType = sourcecode.swift; path = ViewController.swift; sourceTree = "<group>"; };
		B1A97364253EC83200A20F93 /* Base */ = {isa = PBXFileReference; lastKnownFileType = file.storyboard; name = Base; path = Base.lproj/Main.storyboard; sourceTree = "<group>"; };
		B1A97366253EC83600A20F93 /* Assets.xcassets */ = {isa = PBXFileReference; lastKnownFileType = folder.assetcatalog; path = Assets.xcassets; sourceTree = "<group>"; };
		B1A97369253EC83600A20F93 /* Base */ = {isa = PBXFileReference; lastKnownFileType = file.storyboard; name = Base; path = Base.lproj/LaunchScreen.storyboard; sourceTree = "<group>"; };
		B1A9736B253EC83600A20F93 /* Info.plist */ = {isa = PBXFileReference; lastKnownFileType = text.plist.xml; path = Info.plist; sourceTree = "<group>"; };
		B1A97372253ECB2F00A20F93 /* Model.swift */ = {isa = PBXFileReference; lastKnownFileType = sourcecode.swift; path = Model.swift; sourceTree = "<group>"; };
		B1DF4A22254930A70040DB22 /* ExpandableListViewController.swift */ = {isa = PBXFileReference; lastKnownFileType = sourcecode.swift; path = ExpandableListViewController.swift; sourceTree = "<group>"; };
/* End PBXFileReference section */

/* Begin PBXFrameworksBuildPhase section */
		B1A97357253EC83200A20F93 /* Frameworks */ = {
			isa = PBXFrameworksBuildPhase;
			buildActionMask = 2147483647;
			files = (
			);
			runOnlyForDeploymentPostprocessing = 0;
		};
/* End PBXFrameworksBuildPhase section */

/* Begin PBXGroup section */
		B1A97351253EC83200A20F93 = {
			isa = PBXGroup;
			children = (
				B1A9735C253EC83200A20F93 /* CollectionViewList */,
				B1A9735B253EC83200A20F93 /* Products */,
			);
			sourceTree = "<group>";
		};
		B1A9735B253EC83200A20F93 /* Products */ = {
			isa = PBXGroup;
			children = (
				B1A9735A253EC83200A20F93 /* CollectionViewList.app */,
			);
			name = Products;
			sourceTree = "<group>";
		};
		B1A9735C253EC83200A20F93 /* CollectionViewList */ = {
			isa = PBXGroup;
			children = (
				B1A9735D253EC83200A20F93 /* AppDelegate.swift */,
				B1A9735F253EC83200A20F93 /* SceneDelegate.swift */,
				B1A97361253EC83200A20F93 /* ViewController.swift */,
				B1DF4A22254930A70040DB22 /* ExpandableListViewController.swift */,
				B1A97372253ECB2F00A20F93 /* Model.swift */,
				B1A97363253EC83200A20F93 /* Main.storyboard */,
				B1A97366253EC83600A20F93 /* Assets.xcassets */,
				B1A97368253EC83600A20F93 /* LaunchScreen.storyboard */,
				B1A9736B253EC83600A20F93 /* Info.plist */,
			);
			path = CollectionViewList;
			sourceTree = "<group>";
		};
/* End PBXGroup section */

/* Begin PBXNativeTarget section */
		B1A97359253EC83200A20F93 /* CollectionViewList */ = {
			isa = PBXNativeTarget;
			buildConfigurationList = B1A9736E253EC83600A20F93 /* Build configuration list for PBXNativeTarget "CollectionViewList" */;
			buildPhases = (
				B1A97356253EC83200A20F93 /* Sources */,
				B1A97357253EC83200A20F93 /* Frameworks */,
				B1A97358253EC83200A20F93 /* Resources */,
			);
			buildRules = (
			);
			dependencies = (
			);
			name = CollectionViewList;
			productName = CollectionViewList;
			productReference = B1A9735A253EC83200A20F93 /* CollectionViewList.app */;
			productType = "com.apple.product-type.application";
		};
/* End PBXNativeTarget section */

/* Begin PBXProject section */
		B1A97352253EC83200A20F93 /* Project object */ = {
			isa = PBXProject;
			attributes = {
				LastSwiftUpdateCheck = 1200;
				LastUpgradeCheck = 1200;
				TargetAttributes = {
					B1A97359253EC83200A20F93 = {
						CreatedOnToolsVersion = 12.0.1;
					};
				};
			};
			buildConfigurationList = B1A97355253EC83200A20F93 /* Build configuration list for PBXProject "CollectionViewList" */;
			compatibilityVersion = "Xcode 9.3";
			developmentRegion = en;
			hasScannedForEncodings = 0;
			knownRegions = (
				en,
				Base,
			);
			mainGroup = B1A97351253EC83200A20F93;
			productRefGroup = B1A9735B253EC83200A20F93 /* Products */;
			projectDirPath = "";
			projectRoot = "";
			targets = (
				B1A97359253EC83200A20F93 /* CollectionViewList */,
			);
		};
/* End PBXProject section */

/* Begin PBXResourcesBuildPhase section */
		B1A97358253EC83200A20F93 /* Resources */ = {
			isa = PBXResourcesBuildPhase;
			buildActionMask = 2147483647;
			files = (
				B1A9736A253EC83600A20F93 /* LaunchScreen.storyboard in Resources */,
				B1A97367253EC83600A20F93 /* Assets.xcassets in Resources */,
				B1A97365253EC83200A20F93 /* Main.storyboard in Resources */,
			);
			runOnlyForDeploymentPostprocessing = 0;
		};
/* End PBXResourcesBuildPhase section */

/* Begin PBXSourcesBuildPhase section */
		B1A97356253EC83200A20F93 /* Sources */ = {
			isa = PBXSourcesBuildPhase;
			buildActionMask = 2147483647;
			files = (
				B1A97362253EC83200A20F93 /* ViewController.swift in Sources */,
				B1DF4A23254930A70040DB22 /* ExpandableListViewController.swift in Sources */,
				B1A9735E253EC83200A20F93 /* AppDelegate.swift in Sources */,
				B1A97360253EC83200A20F93 /* SceneDelegate.swift in Sources */,
				B1A97373253ECB2F00A20F93 /* Model.swift in Sources */,
			);
			runOnlyForDeploymentPostprocessing = 0;
		};
/* End PBXSourcesBuildPhase section */

/* Begin PBXVariantGroup section */
		B1A97363253EC83200A20F93 /* Main.storyboard */ = {
			isa = PBXVariantGroup;
			children = (
				B1A97364253EC83200A20F93 /* Base */,
			);
			name = Main.storyboard;
			sourceTree = "<group>";
		};
		B1A97368253EC83600A20F93 /* LaunchScreen.storyboard */ = {
			isa = PBXVariantGroup;
			children = (
				B1A97369253EC83600A20F93 /* Base */,
			);
			name = LaunchScreen.storyboard;
			sourceTree = "<group>";
		};
/* End PBXVariantGroup section */

/* Begin XCBuildConfiguration section */
		B1A9736C253EC83600A20F93 /* Debug */ = {
			isa = XCBuildConfiguration;
			buildSettings = {
				ALWAYS_SEARCH_USER_PATHS = NO;
				CLANG_ANALYZER_NONNULL = YES;
				CLANG_ANALYZER_NUMBER_OBJECT_CONVERSION = YES_AGGRESSIVE;
				CLANG_CXX_LANGUAGE_STANDARD = "gnu++14";
				CLANG_CXX_LIBRARY = "libc++";
				CLANG_ENABLE_MODULES = YES;
				CLANG_ENABLE_OBJC_ARC = YES;
				CLANG_ENABLE_OBJC_WEAK = YES;
				CLANG_WARN_BLOCK_CAPTURE_AUTORELEASING = YES;
				CLANG_WARN_BOOL_CONVERSION = YES;
				CLANG_WARN_COMMA = YES;
				CLANG_WARN_CONSTANT_CONVERSION = YES;
				CLANG_WARN_DEPRECATED_OBJC_IMPLEMENTATIONS = YES;
				CLANG_WARN_DIRECT_OBJC_ISA_USAGE = YES_ERROR;
				CLANG_WARN_DOCUMENTATION_COMMENTS = YES;
				CLANG_WARN_EMPTY_BODY = YES;
				CLANG_WARN_ENUM_CONVERSION = YES;
				CLANG_WARN_INFINITE_RECURSION = YES;
				CLANG_WARN_INT_CONVERSION = YES;
				CLANG_WARN_NON_LITERAL_NULL_CONVERSION = YES;
				CLANG_WARN_OBJC_IMPLICIT_RETAIN_SELF = YES;
				CLANG_WARN_OBJC_LITERAL_CONVERSION = YES;
				CLANG_WARN_OBJC_ROOT_CLASS = YES_ERROR;
				CLANG_WARN_QUOTED_INCLUDE_IN_FRAMEWORK_HEADER = YES;
				CLANG_WARN_RANGE_LOOP_ANALYSIS = YES;
				CLANG_WARN_STRICT_PROTOTYPES = YES;
				CLANG_WARN_SUSPICIOUS_MOVE = YES;
				CLANG_WARN_UNGUARDED_AVAILABILITY = YES_AGGRESSIVE;
				CLANG_WARN_UNREACHABLE_CODE = YES;
				CLANG_WARN__DUPLICATE_METHOD_MATCH = YES;
				COPY_PHASE_STRIP = NO;
				DEBUG_INFORMATION_FORMAT = dwarf;
				ENABLE_STRICT_OBJC_MSGSEND = YES;
				ENABLE_TESTABILITY = YES;
				GCC_C_LANGUAGE_STANDARD = gnu11;
				GCC_DYNAMIC_NO_PIC = NO;
				GCC_NO_COMMON_BLOCKS = YES;
				GCC_OPTIMIZATION_LEVEL = 0;
				GCC_PREPROCESSOR_DEFINITIONS = (
					"DEBUG=1",
					"$(inherited)",
				);
				GCC_WARN_64_TO_32_BIT_CONVERSION = YES;
				GCC_WARN_ABOUT_RETURN_TYPE = YES_ERROR;
				GCC_WARN_UNDECLARED_SELECTOR = YES;
				GCC_WARN_UNINITIALIZED_AUTOS = YES_AGGRESSIVE;
				GCC_WARN_UNUSED_FUNCTION = YES;
				GCC_WARN_UNUSED_VARIABLE = YES;
				IPHONEOS_DEPLOYMENT_TARGET = 14.0;
				MTL_ENABLE_DEBUG_INFO = INCLUDE_SOURCE;
				MTL_FAST_MATH = YES;
				ONLY_ACTIVE_ARCH = YES;
				SDKROOT = iphoneos;
				SWIFT_ACTIVE_COMPILATION_CONDITIONS = DEBUG;
				SWIFT_OPTIMIZATION_LEVEL = "-Onone";
			};
			name = Debug;
		};
		B1A9736D253EC83600A20F93 /* Release */ = {
			isa = XCBuildConfiguration;
			buildSettings = {
				ALWAYS_SEARCH_USER_PATHS = NO;
				CLANG_ANALYZER_NONNULL = YES;
				CLANG_ANALYZER_NUMBER_OBJECT_CONVERSION = YES_AGGRESSIVE;
				CLANG_CXX_LANGUAGE_STANDARD = "gnu++14";
				CLANG_CXX_LIBRARY = "libc++";
				CLANG_ENABLE_MODULES = YES;
				CLANG_ENABLE_OBJC_ARC = YES;
				CLANG_ENABLE_OBJC_WEAK = YES;
				CLANG_WARN_BLOCK_CAPTURE_AUTORELEASING = YES;
				CLANG_WARN_BOOL_CONVERSION = YES;
				CLANG_WARN_COMMA = YES;
				CLANG_WARN_CONSTANT_CONVERSION = YES;
				CLANG_WARN_DEPRECATED_OBJC_IMPLEMENTATIONS = YES;
				CLANG_WARN_DIRECT_OBJC_ISA_USAGE = YES_ERROR;
				CLANG_WARN_DOCUMENTATION_COMMENTS = YES;
				CLANG_WARN_EMPTY_BODY = YES;
				CLANG_WARN_ENUM_CONVERSION = YES;
				CLANG_WARN_INFINITE_RECURSION = YES;
				CLANG_WARN_INT_CONVERSION = YES;
				CLANG_WARN_NON_LITERAL_NULL_CONVERSION = YES;
				CLANG_WARN_OBJC_IMPLICIT_RETAIN_SELF = YES;
				CLANG_WARN_OBJC_LITERAL_CONVERSION = YES;
				CLANG_WARN_OBJC_ROOT_CLASS = YES_ERROR;
				CLANG_WARN_QUOTED_INCLUDE_IN_FRAMEWORK_HEADER = YES;
				CLANG_WARN_RANGE_LOOP_ANALYSIS = YES;
				CLANG_WARN_STRICT_PROTOTYPES = YES;
				CLANG_WARN_SUSPICIOUS_MOVE = YES;
				CLANG_WARN_UNGUARDED_AVAILABILITY = YES_AGGRESSIVE;
				CLANG_WARN_UNREACHABLE_CODE = YES;
				CLANG_WARN__DUPLICATE_METHOD_MATCH = YES;
				COPY_PHASE_STRIP = NO;
				DEBUG_INFORMATION_FORMAT = "dwarf-with-dsym";
				ENABLE_NS_ASSERTIONS = NO;
				ENABLE_STRICT_OBJC_MSGSEND = YES;
				GCC_C_LANGUAGE_STANDARD = gnu11;
				GCC_NO_COMMON_BLOCKS = YES;
				GCC_WARN_64_TO_32_BIT_CONVERSION = YES;
				GCC_WARN_ABOUT_RETURN_TYPE = YES_ERROR;
				GCC_WARN_UNDECLARED_SELECTOR = YES;
				GCC_WARN_UNINITIALIZED_AUTOS = YES_AGGRESSIVE;
				GCC_WARN_UNUSED_FUNCTION = YES;
				GCC_WARN_UNUSED_VARIABLE = YES;
				IPHONEOS_DEPLOYMENT_TARGET = 14.0;
				MTL_ENABLE_DEBUG_INFO = NO;
				MTL_FAST_MATH = YES;
				SDKROOT = iphoneos;
				SWIFT_COMPILATION_MODE = wholemodule;
				SWIFT_OPTIMIZATION_LEVEL = "-O";
				VALIDATE_PRODUCT = YES;
			};
			name = Release;
		};
		B1A9736F253EC83600A20F93 /* Debug */ = {
			isa = XCBuildConfiguration;
			buildSettings = {
				ASSETCATALOG_COMPILER_APPICON_NAME = AppIcon;
				ASSETCATALOG_COMPILER_GLOBAL_ACCENT_COLOR_NAME = AccentColor;
				CODE_SIGN_STYLE = Automatic;
				INFOPLIST_FILE = CollectionViewList/Info.plist;
				LD_RUNPATH_SEARCH_PATHS = (
					"$(inherited)",
					"@executable_path/Frameworks",
				);
				PRODUCT_BUNDLE_IDENTIFIER = com.ashish.CollectionViewList;
				PRODUCT_NAME = "$(TARGET_NAME)";
				SWIFT_VERSION = 5.0;
				TARGETED_DEVICE_FAMILY = "1,2";
			};
			name = Debug;
		};
		B1A97370253EC83600A20F93 /* Release */ = {
			isa = XCBuildConfiguration;
			buildSettings = {
				ASSETCATALOG_COMPILER_APPICON_NAME = AppIcon;
				ASSETCATALOG_COMPILER_GLOBAL_ACCENT_COLOR_NAME = AccentColor;
				CODE_SIGN_STYLE = Automatic;
				INFOPLIST_FILE = CollectionViewList/Info.plist;
				LD_RUNPATH_SEARCH_PATHS = (
					"$(inherited)",
					"@executable_path/Frameworks",
				);
				PRODUCT_BUNDLE_IDENTIFIER = com.ashish.CollectionViewList;
				PRODUCT_NAME = "$(TARGET_NAME)";
				SWIFT_VERSION = 5.0;
				TARGETED_DEVICE_FAMILY = "1,2";
			};
			name = Release;
		};
/* End XCBuildConfiguration section */

/* Begin XCConfigurationList section */
		B1A97355253EC83200A20F93 /* Build configuration list for PBXProject "CollectionViewList" */ = {
			isa = XCConfigurationList;
			buildConfigurations = (
				B1A9736C253EC83600A20F93 /* Debug */,
				B1A9736D253EC83600A20F93 /* Release */,
			);
			defaultConfigurationIsVisible = 0;
			defaultConfigurationName = Release;
		};
		B1A9736E253EC83600A20F93 /* Build configuration list for PBXNativeTarget "CollectionViewList" */ = {
			isa = XCConfigurationList;
			buildConfigurations = (
				B1A9736F253EC83600A20F93 /* Debug */,
				B1A97370253EC83600A20F93 /* Release */,
			);
			defaultConfigurationIsVisible = 0;
			defaultConfigurationName = Release;
		};
/* End XCConfigurationList section */
	};
	rootObject = B1A97352253EC83200A20F93 /* Project object */;
}
